
Microsoft Visual Studio Solution File, Format Version 12.00
# Visual Studio Version 17
VisualStudioVersion = 17.6.33815.320
MinimumVisualStudioVersion = 10.0.40219.1
Project("{FAE04EC0-301F-11D3-BF4B-00C04F79EFBC}") = "Deliverable1", "Deliverable1\Deliverable1.csproj", "{7DCC392D-785C-46BC-B051-40BB241C0A15}"
EndProject
Global
	GlobalSection(SolutionConfigurationPlatforms) = preSolution
		Debug|Any CPU = Debug|Any CPU
		Release|Any CPU = Release|Any CPU
	EndGlobalSection
	GlobalSection(ProjectConfigurationPlatforms) = postSolution
		{7DCC392D-785C-46BC-B051-40BB241C0A15}.Debug|Any CPU.ActiveCfg = Debug|Any CPU
		{7DCC392D-785C-46BC-B051-40BB241C0A15}.Debug|Any CPU.Build.0 = Debug|Any CPU
		{7DCC392D-785C-46BC-B051-40BB241C0A15}.Release|Any CPU.ActiveCfg = Release|Any CPU
		{7DCC392D-785C-46BC-B051-40BB241C0A15}.Release|Any CPU.Build.0 = Release|Any CPU
	EndGlobalSection
	GlobalSection(SolutionProperties) = preSolution
		HideSolutionNode = FALSE
	EndGlobalSection
	GlobalSection(ExtensibilityGlobals) = postSolution
		SolutionGuid = {F627DF48-80EE-4FEF-A55A-FC64399C9791}
	EndGlobalSection
EndGlobal
